
Microsoft Visual Studio Solution File, Format Version 12.00
Project("{2150E333-8FDC-42A3-9474-1A3956D46DE8}") = "Annotations", "Annotations", "{E9C9FC3D-8222-1509-ACC8-433918E487AE}"
EndProject
Project("{FAE04EC0-301F-11D3-BF4B-00C04F79EFBC}") = "MUnique.OpenMU.Annotations", "Annotations\MUnique.OpenMU.Annotations.csproj", "{29953EA6-46CC-4C33-BCCE-5C84A22F0710}"
EndProject
Project("{2150E333-8FDC-42A3-9474-1A3956D46DE8}") = "AttributeSystem", "AttributeSystem", "{498D5043-F819-3CF5-3901-3475C12FC73B}"
EndProject
Project("{FAE04EC0-301F-11D3-BF4B-00C04F79EFBC}") = "MUnique.OpenMU.AttributeSystem", "AttributeSystem\MUnique.OpenMU.AttributeSystem.csproj", "{7ED6D0AA-DB48-4FEC-9ECB-2DEC47F2A80E}"
EndProject
Project("{2150E333-8FDC-42A3-9474-1A3956D46DE8}") = "ClientErrorLogDecryptor", "ClientErrorLogDecryptor", "{173AFC20-DA3B-E8E6-FD2F-CC6D23C22CB7}"
EndProject
Project("{FAE04EC0-301F-11D3-BF4B-00C04F79EFBC}") = "MUnique.OpenMU.ClientErrorLogDecryptor", "ClientErrorLogDecryptor\MUnique.OpenMU.ClientErrorLogDecryptor.csproj", "{9AA068F4-19C0-46D0-8E8F-DFDBFD52574B}"
EndProject
Project("{2150E333-8FDC-42A3-9474-1A3956D46DE8}") = "ClientLauncher", "ClientLauncher", "{C13D9D4B-73B8-3D9A-41DF-42B070B69971}"
EndProject
Project("{FAE04EC0-301F-11D3-BF4B-00C04F79EFBC}") = "MUnique.OpenMU.ClientLauncher", "ClientLauncher\MUnique.OpenMU.ClientLauncher.csproj", "{7CFE958B-0124-4674-98C5-54D6BF739623}"
EndProject
Project("{2150E333-8FDC-42A3-9474-1A3956D46DE8}") = "ConnectServer", "ConnectServer", "{1294E425-4200-B28B-B089-2C014D24AF0A}"
EndProject
Project("{FAE04EC0-301F-11D3-BF4B-00C04F79EFBC}") = "MUnique.OpenMU.ConnectServer", "ConnectServer\MUnique.OpenMU.ConnectServer.csproj", "{D3736636-0C20-4F6A-BC9E-F72214E3802D}"
EndProject
Project("{2150E333-8FDC-42A3-9474-1A3956D46DE8}") = "Interfaces", "Interfaces", "{F950DB2C-3B87-4536-55E6-8585CBA5CF21}"
EndProject
Project("{FAE04EC0-301F-11D3-BF4B-00C04F79EFBC}") = "MUnique.OpenMU.Interfaces", "Interfaces\MUnique.OpenMU.Interfaces.csproj", "{76E82386-53CE-452D-8DB9-11DFD762D6D4}"
EndProject
Project("{2150E333-8FDC-42A3-9474-1A3956D46DE8}") = "Network", "Network", "{9D4504F6-C258-95D7-6D4D-E8C508D09056}"
EndProject
Project("{FAE04EC0-301F-11D3-BF4B-00C04F79EFBC}") = "MUnique.OpenMU.Network", "Network\MUnique.OpenMU.Network.csproj", "{F9E9E9AC-21B5-47E8-AC38-C5569D1E9C1C}"
EndProject
Project("{2150E333-8FDC-42A3-9474-1A3956D46DE8}") = "PlugIns", "PlugIns", "{07D57EEB-2F50-60C4-C011-FE4FA775C9A8}"
EndProject
Project("{FAE04EC0-301F-11D3-BF4B-00C04F79EFBC}") = "MUnique.OpenMU.PlugIns", "PlugIns\MUnique.OpenMU.PlugIns.csproj", "{2A4B43A1-5310-4320-9DCC-AB1975B2EDAF}"
EndProject
Project("{2150E333-8FDC-42A3-9474-1A3956D46DE8}") = "Packets", "Packets", "{842FDEBA-AF93-62D7-746E-397BC8A33F3F}"
EndProject
Project("{FAE04EC0-301F-11D3-BF4B-00C04F79EFBC}") = "MUnique.OpenMU.Network.Packets", "Network\Packets\MUnique.OpenMU.Network.Packets.csproj", "{16C2AC9A-9B0A-4ED6-B6C4-58F9E47B17C2}"
EndProject
Project("{2150E333-8FDC-42A3-9474-1A3956D46DE8}") = "Dapr", "Dapr", "{47016E42-A4B3-1F9A-4217-340DC71DAA7C}"
EndProject
Project("{2150E333-8FDC-42A3-9474-1A3956D46DE8}") = "AdminPanel.Host", "AdminPanel.Host", "{FC6C3ED2-C557-CDE5-CE23-B036CD3B0DB1}"
EndProject
Project("{FAE04EC0-301F-11D3-BF4B-00C04F79EFBC}") = "MUnique.OpenMU.AdminPanel.Host", "Dapr\AdminPanel.Host\MUnique.OpenMU.AdminPanel.Host.csproj", "{BFB9E2D4-E9DD-41B5-9FD7-F0A723EDAD9D}"
EndProject
Project("{2150E333-8FDC-42A3-9474-1A3956D46DE8}") = "Web", "Web", "{256F4E96-6A73-9ABE-786F-840C672A50F4}"
EndProject
Project("{2150E333-8FDC-42A3-9474-1A3956D46DE8}") = "AdminPanel", "AdminPanel", "{D0E7FC7B-05EC-787D-19DF-C78C8704AC3E}"
EndProject
Project("{FAE04EC0-301F-11D3-BF4B-00C04F79EFBC}") = "MUnique.OpenMU.Web.AdminPanel", "Web\AdminPanel\MUnique.OpenMU.Web.AdminPanel.csproj", "{73798D74-4EE4-4FB6-9AB2-0C17F60F912D}"
EndProject
Project("{2150E333-8FDC-42A3-9474-1A3956D46DE8}") = "DataModel", "DataModel", "{1680AD4C-2D54-D68A-F37B-E230A2F1C42A}"
EndProject
Project("{FAE04EC0-301F-11D3-BF4B-00C04F79EFBC}") = "MUnique.OpenMU.DataModel", "DataModel\MUnique.OpenMU.DataModel.csproj", "{F4AB2A56-E318-4B89-8A07-912C992A1C25}"
EndProject
Project("{2150E333-8FDC-42A3-9474-1A3956D46DE8}") = "SourceGenerators", "SourceGenerators", "{C03C8CAA-D0B1-310A-0C7E-67BC14B87CB1}"
EndProject
Project("{FAE04EC0-301F-11D3-BF4B-00C04F79EFBC}") = "MUnique.OpenMU.SourceGenerators", "SourceGenerators\MUnique.OpenMU.SourceGenerators.csproj", "{E5DE39C7-4EEB-4EEE-A2EF-B3EC974EE256}"
EndProject
Project("{2150E333-8FDC-42A3-9474-1A3956D46DE8}") = "GameLogic", "GameLogic", "{545DD51D-A0F2-C44A-F41F-4CB9B0529A48}"
EndProject
Project("{FAE04EC0-301F-11D3-BF4B-00C04F79EFBC}") = "MUnique.OpenMU.GameLogic", "GameLogic\MUnique.OpenMU.GameLogic.csproj", "{5701C9C6-5344-4E63-9EFF-9C86D330A2CC}"
EndProject
Project("{2150E333-8FDC-42A3-9474-1A3956D46DE8}") = "Pathfinding", "Pathfinding", "{A873EA83-B819-DF10-484B-E819E484792B}"
EndProject
Project("{FAE04EC0-301F-11D3-BF4B-00C04F79EFBC}") = "MUnique.OpenMU.Pathfinding", "Pathfinding\MUnique.OpenMU.Pathfinding.csproj", "{976A95DA-4A98-40C2-92EA-433CA70E6B36}"
EndProject
Project("{2150E333-8FDC-42A3-9474-1A3956D46DE8}") = "Persistence", "Persistence", "{31D0B0DA-3F70-8AAB-D4B2-B98572D1139C}"
EndProject
Project("{FAE04EC0-301F-11D3-BF4B-00C04F79EFBC}") = "MUnique.OpenMU.Persistence", "Persistence\MUnique.OpenMU.Persistence.csproj", "{2E67CDF3-28CF-46AC-8B15-EE1806CD88CD}"
EndProject
Project("{2150E333-8FDC-42A3-9474-1A3956D46DE8}") = "Initialization", "Initialization", "{8472B613-A5EF-3FB3-AB19-E67EE5FAE9E2}"
EndProject
Project("{FAE04EC0-301F-11D3-BF4B-00C04F79EFBC}") = "MUnique.OpenMU.Persistence.Initialization", "Persistence\Initialization\MUnique.OpenMU.Persistence.Initialization.csproj", "{1A3D7EC7-1E41-4A61-8507-77A33A77BB85}"
EndProject
Project("{2150E333-8FDC-42A3-9474-1A3956D46DE8}") = "GameServer", "GameServer", "{3DB70E2C-171E-8BB0-1172-E43F0B1C3468}"
EndProject
Project("{FAE04EC0-301F-11D3-BF4B-00C04F79EFBC}") = "MUnique.OpenMU.GameServer", "GameServer\MUnique.OpenMU.GameServer.csproj", "{37E2FAAA-F518-4145-98BE-4A1AD08ED4D9}"
EndProject
Project("{2150E333-8FDC-42A3-9474-1A3956D46DE8}") = "Map", "Map", "{F89EB1CB-36ED-5AED-A98B-563380E2A370}"
EndProject
Project("{FAE04EC0-301F-11D3-BF4B-00C04F79EFBC}") = "MUnique.OpenMU.Web.Map", "Web\Map\MUnique.OpenMU.Web.Map.csproj", "{083E6C69-3A2D-40D9-B7D6-CB01C7E4E15E}"
EndProject
Project("{2150E333-8FDC-42A3-9474-1A3956D46DE8}") = "Shared", "Shared", "{B27FC793-4D32-241B-2B19-7DEEE3259158}"
EndProject
Project("{FAE04EC0-301F-11D3-BF4B-00C04F79EFBC}") = "MUnique.OpenMU.Web.Shared", "Web\Shared\MUnique.OpenMU.Web.Shared.csproj", "{674ED087-9C63-4EDF-8CC0-7A669B0ADA45}"
EndProject
Project("{2150E333-8FDC-42A3-9474-1A3956D46DE8}") = "ItemEditor", "ItemEditor", "{708CB931-2E4C-5167-58E6-EBF90DA16239}"
EndProject
Project("{FAE04EC0-301F-11D3-BF4B-00C04F79EFBC}") = "MUnique.OpenMU.Web.ItemEditor", "Web\ItemEditor\MUnique.OpenMU.Web.ItemEditor.csproj", "{B5E5D8E3-32B0-4D8D-B2B9-AEE098D49F5A}"
EndProject
Project("{2150E333-8FDC-42A3-9474-1A3956D46DE8}") = "Common", "Common", "{8D49906F-D90A-9F58-F630-F45A33AE0D62}"
EndProject
Project("{FAE04EC0-301F-11D3-BF4B-00C04F79EFBC}") = "MUnique.OpenMU.Dapr.Common", "Dapr\Common\MUnique.OpenMU.Dapr.Common.csproj", "{2E32B6B4-E122-4E25-B29E-B95D84970C91}"
EndProject
Project("{2150E333-8FDC-42A3-9474-1A3956D46DE8}") = "EntityFramework", "EntityFramework", "{9386CAA8-427D-E6FC-00D0-A011864EFA23}"
EndProject
Project("{FAE04EC0-301F-11D3-BF4B-00C04F79EFBC}") = "MUnique.OpenMU.Persistence.EntityFramework", "Persistence\EntityFramework\MUnique.OpenMU.Persistence.EntityFramework.csproj", "{22623D7C-D278-441F-9ED3-4FDB8FE294C6}"
EndProject
Project("{2150E333-8FDC-42A3-9474-1A3956D46DE8}") = "ServerClients", "ServerClients", "{4B2639EA-027C-4066-6919-4C5579683919}"
EndProject
Project("{FAE04EC0-301F-11D3-BF4B-00C04F79EFBC}") = "MUnique.OpenMU.ServerClients", "Dapr\ServerClients\MUnique.OpenMU.ServerClients.csproj", "{DB21207D-0441-470D-800F-86D6F64F5D34}"
EndProject
Project("{2150E333-8FDC-42A3-9474-1A3956D46DE8}") = "ChatServer.Host", "ChatServer.Host", "{FC68AB0B-A1DE-3908-1E39-04B39D43DB32}"
EndProject
Project("{FAE04EC0-301F-11D3-BF4B-00C04F79EFBC}") = "MUnique.OpenMU.ChatServer.Host", "Dapr\ChatServer.Host\MUnique.OpenMU.ChatServer.Host.csproj", "{9CB1230F-6BDD-4278-B6D2-8C287CEC2F03}"
EndProject
Project("{2150E333-8FDC-42A3-9474-1A3956D46DE8}") = "ChatServer", "ChatServer", "{D85486C3-F6CE-A507-8249-37B14F266E6F}"
EndProject
Project("{FAE04EC0-301F-11D3-BF4B-00C04F79EFBC}") = "MUnique.OpenMU.ChatServer", "ChatServer\MUnique.OpenMU.ChatServer.csproj", "{AA2BD8FE-CC3D-424C-AB0C-EAF8064D53D8}"
EndProject
Project("{2150E333-8FDC-42A3-9474-1A3956D46DE8}") = "ConnectServer.Host", "ConnectServer.Host", "{D69B1CB4-2C96-AB37-5C85-001FD18BB1A0}"
EndProject
Project("{FAE04EC0-301F-11D3-BF4B-00C04F79EFBC}") = "MUnique.OpenMU.ConnectServer.Host", "Dapr\ConnectServer.Host\MUnique.OpenMU.ConnectServer.Host.csproj", "{4AE0499A-008A-4F87-86AD-892DC7976612}"
EndProject
Project("{2150E333-8FDC-42A3-9474-1A3956D46DE8}") = "FriendServer.Host", "FriendServer.Host", "{3CF96506-CA84-32F3-5366-9CD132EC3032}"
EndProject
Project("{FAE04EC0-301F-11D3-BF4B-00C04F79EFBC}") = "MUnique.OpenMU.FriendServer.Host", "Dapr\FriendServer.Host\MUnique.OpenMU.FriendServer.Host.csproj", "{57F21DB3-40D1-4C07-85F5-B01559314710}"
EndProject
Project("{2150E333-8FDC-42A3-9474-1A3956D46DE8}") = "FriendServer", "FriendServer", "{5C43DDF3-1E55-8209-DA02-76A0C8649330}"
EndProject
Project("{FAE04EC0-301F-11D3-BF4B-00C04F79EFBC}") = "MUnique.OpenMU.FriendServer", "FriendServer\MUnique.OpenMU.FriendServer.csproj", "{4CED54F0-7027-42EB-A315-879C097A8407}"
EndProject
Project("{2150E333-8FDC-42A3-9474-1A3956D46DE8}") = "GameServer.Host", "GameServer.Host", "{5331077C-3B7C-D7D9-071C-330F25A64356}"
EndProject
Project("{FAE04EC0-301F-11D3-BF4B-00C04F79EFBC}") = "MUnique.OpenMU.GameServer.Host", "Dapr\GameServer.Host\MUnique.OpenMU.GameServer.Host.csproj", "{5B01B5D7-962B-4B93-9C25-69956C115DED}"
EndProject
Project("{2150E333-8FDC-42A3-9474-1A3956D46DE8}") = "GuildServer.Host", "GuildServer.Host", "{9372FB8E-8512-1E37-3610-EC173A02880D}"
EndProject
Project("{FAE04EC0-301F-11D3-BF4B-00C04F79EFBC}") = "MUnique.OpenMU.GuildServer.Host", "Dapr\GuildServer.Host\MUnique.OpenMU.GuildServer.Host.csproj", "{9811D06D-96B3-42BE-B0A7-029ED02FD2BE}"
EndProject
Project("{2150E333-8FDC-42A3-9474-1A3956D46DE8}") = "GuildServer", "GuildServer", "{74387116-8689-693D-1B8F-9D7E03CE134D}"
EndProject
Project("{FAE04EC0-301F-11D3-BF4B-00C04F79EFBC}") = "MUnique.OpenMU.GuildServer", "GuildServer\MUnique.OpenMU.GuildServer.csproj", "{3CEB12AF-DB89-4CDD-B716-648779298ECF}"
EndProject
Project("{2150E333-8FDC-42A3-9474-1A3956D46DE8}") = "LoginServer.Host", "LoginServer.Host", "{80B92014-1416-544A-7D3E-2DE4A769257D}"
EndProject
Project("{FAE04EC0-301F-11D3-BF4B-00C04F79EFBC}") = "MUnique.OpenMU.LoginServer.Host", "Dapr\LoginServer.Host\MUnique.OpenMU.LoginServer.Host.csproj", "{C8452D60-D9BB-4A29-A5C8-344764DDD86F}"
EndProject
Project("{2150E333-8FDC-42A3-9474-1A3956D46DE8}") = "LoginServer", "LoginServer", "{2DEBEB3B-6872-C48C-9A96-756186A282B4}"
EndProject
Project("{FAE04EC0-301F-11D3-BF4B-00C04F79EFBC}") = "MUnique.OpenMU.LoginServer", "LoginServer\MUnique.OpenMU.LoginServer.csproj", "{F57333D4-8E5D-4B51-90B5-3940BE3641F1}"
EndProject
Project("{2150E333-8FDC-42A3-9474-1A3956D46DE8}") = "Analyzer", "Analyzer", "{1A65659F-DCED-11AB-2405-2C494962CB18}"
EndProject
Project("{FAE04EC0-301F-11D3-BF4B-00C04F79EFBC}") = "MUnique.OpenMU.Network.Analyzer", "Network\Analyzer\MUnique.OpenMU.Network.Analyzer.csproj", "{1C8AFD0A-5716-45AD-A36B-1C85002F313F}"
EndProject
Project("{2150E333-8FDC-42A3-9474-1A3956D46DE8}") = "InMemory", "InMemory", "{7CB7C34C-D64B-DFD1-6AE2-E48305E06C52}"
EndProject
Project("{FAE04EC0-301F-11D3-BF4B-00C04F79EFBC}") = "MUnique.OpenMU.Persistence.InMemory", "Persistence\InMemory\MUnique.OpenMU.Persistence.InMemory.csproj", "{27CC3B2C-10C0-47F4-A986-0ECC3DC49E37}"
EndProject
Project("{2150E333-8FDC-42A3-9474-1A3956D46DE8}") = "SourceGenerator", "SourceGenerator", "{AD2879C7-51CB-A848-FD9D-C2B2A38ED098}"
EndProject
Project("{FAE04EC0-301F-11D3-BF4B-00C04F79EFBC}") = "MUnique.OpenMU.Persistence.SourceGenerator", "Persistence\SourceGenerator\MUnique.OpenMU.Persistence.SourceGenerator.csproj", "{2252CA5A-E92A-416F-92BE-45B2C0305E45}"
EndProject
Project("{2150E333-8FDC-42A3-9474-1A3956D46DE8}") = "SimpleModulusKeyGenerator", "SimpleModulusKeyGenerator", "{DDDABAC3-A2E4-B483-6FB2-72935EC23C7A}"
EndProject
Project("{FAE04EC0-301F-11D3-BF4B-00C04F79EFBC}") = "MUnique.OpenMU.SimpleModulusKeyGenerator", "SimpleModulusKeyGenerator\MUnique.OpenMU.SimpleModulusKeyGenerator.csproj", "{967E4C1F-04BF-47E0-B24C-EB9968705DDD}"
EndProject
Project("{2150E333-8FDC-42A3-9474-1A3956D46DE8}") = "Startup", "Startup", "{0A5260FC-CE9B-CFCA-D867-DB283C3C020E}"
EndProject
Project("{FAE04EC0-301F-11D3-BF4B-00C04F79EFBC}") = "MUnique.OpenMU.Startup", "Startup\MUnique.OpenMU.Startup.csproj", "{DBAAB28C-1D56-45BE-861F-5A27554B89B2}"
EndProject
Global
	GlobalSection(SolutionConfigurationPlatforms) = preSolution
		Debug|Any CPU = Debug|Any CPU
		Debug|x64 = Debug|x64
		Debug|x86 = Debug|x86
		Release|Any CPU = Release|Any CPU
		Release|x64 = Release|x64
		Release|x86 = Release|x86
	EndGlobalSection
	GlobalSection(ProjectConfigurationPlatforms) = postSolution
		{29953EA6-46CC-4C33-BCCE-5C84A22F0710}.Debug|Any CPU.ActiveCfg = Debug|Any CPU
		{29953EA6-46CC-4C33-BCCE-5C84A22F0710}.Debug|Any CPU.Build.0 = Debug|Any CPU
		{29953EA6-46CC-4C33-BCCE-5C84A22F0710}.Debug|x64.ActiveCfg = Debug|Any CPU
		{29953EA6-46CC-4C33-BCCE-5C84A22F0710}.Debug|x64.Build.0 = Debug|Any CPU
		{29953EA6-46CC-4C33-BCCE-5C84A22F0710}.Debug|x86.ActiveCfg = Debug|Any CPU
		{29953EA6-46CC-4C33-BCCE-5C84A22F0710}.Debug|x86.Build.0 = Debug|Any CPU
		{29953EA6-46CC-4C33-BCCE-5C84A22F0710}.Release|Any CPU.ActiveCfg = Release|Any CPU
		{29953EA6-46CC-4C33-BCCE-5C84A22F0710}.Release|Any CPU.Build.0 = Release|Any CPU
		{29953EA6-46CC-4C33-BCCE-5C84A22F0710}.Release|x64.ActiveCfg = Release|Any CPU
		{29953EA6-46CC-4C33-BCCE-5C84A22F0710}.Release|x64.Build.0 = Release|Any CPU
		{29953EA6-46CC-4C33-BCCE-5C84A22F0710}.Release|x86.ActiveCfg = Release|Any CPU
		{29953EA6-46CC-4C33-BCCE-5C84A22F0710}.Release|x86.Build.0 = Release|Any CPU
		{7ED6D0AA-DB48-4FEC-9ECB-2DEC47F2A80E}.Debug|Any CPU.ActiveCfg = Debug|Any CPU
		{7ED6D0AA-DB48-4FEC-9ECB-2DEC47F2A80E}.Debug|Any CPU.Build.0 = Debug|Any CPU
		{7ED6D0AA-DB48-4FEC-9ECB-2DEC47F2A80E}.Debug|x64.ActiveCfg = Debug|Any CPU
		{7ED6D0AA-DB48-4FEC-9ECB-2DEC47F2A80E}.Debug|x64.Build.0 = Debug|Any CPU
		{7ED6D0AA-DB48-4FEC-9ECB-2DEC47F2A80E}.Debug|x86.ActiveCfg = Debug|Any CPU
		{7ED6D0AA-DB48-4FEC-9ECB-2DEC47F2A80E}.Debug|x86.Build.0 = Debug|Any CPU
		{7ED6D0AA-DB48-4FEC-9ECB-2DEC47F2A80E}.Release|Any CPU.ActiveCfg = Release|Any CPU
		{7ED6D0AA-DB48-4FEC-9ECB-2DEC47F2A80E}.Release|Any CPU.Build.0 = Release|Any CPU
		{7ED6D0AA-DB48-4FEC-9ECB-2DEC47F2A80E}.Release|x64.ActiveCfg = Release|Any CPU
		{7ED6D0AA-DB48-4FEC-9ECB-2DEC47F2A80E}.Release|x64.Build.0 = Release|Any CPU
		{7ED6D0AA-DB48-4FEC-9ECB-2DEC47F2A80E}.Release|x86.ActiveCfg = Release|Any CPU
		{7ED6D0AA-DB48-4FEC-9ECB-2DEC47F2A80E}.Release|x86.Build.0 = Release|Any CPU
		{9AA068F4-19C0-46D0-8E8F-DFDBFD52574B}.Debug|Any CPU.ActiveCfg = Debug|Any CPU
		{9AA068F4-19C0-46D0-8E8F-DFDBFD52574B}.Debug|Any CPU.Build.0 = Debug|Any CPU
		{9AA068F4-19C0-46D0-8E8F-DFDBFD52574B}.Debug|x64.ActiveCfg = Debug|Any CPU
		{9AA068F4-19C0-46D0-8E8F-DFDBFD52574B}.Debug|x64.Build.0 = Debug|Any CPU
		{9AA068F4-19C0-46D0-8E8F-DFDBFD52574B}.Debug|x86.ActiveCfg = Debug|Any CPU
		{9AA068F4-19C0-46D0-8E8F-DFDBFD52574B}.Debug|x86.Build.0 = Debug|Any CPU
		{9AA068F4-19C0-46D0-8E8F-DFDBFD52574B}.Release|Any CPU.ActiveCfg = Release|Any CPU
		{9AA068F4-19C0-46D0-8E8F-DFDBFD52574B}.Release|Any CPU.Build.0 = Release|Any CPU
		{9AA068F4-19C0-46D0-8E8F-DFDBFD52574B}.Release|x64.ActiveCfg = Release|Any CPU
		{9AA068F4-19C0-46D0-8E8F-DFDBFD52574B}.Release|x64.Build.0 = Release|Any CPU
		{9AA068F4-19C0-46D0-8E8F-DFDBFD52574B}.Release|x86.ActiveCfg = Release|Any CPU
		{9AA068F4-19C0-46D0-8E8F-DFDBFD52574B}.Release|x86.Build.0 = Release|Any CPU
		{7CFE958B-0124-4674-98C5-54D6BF739623}.Debug|Any CPU.ActiveCfg = Debug|Any CPU
		{7CFE958B-0124-4674-98C5-54D6BF739623}.Debug|Any CPU.Build.0 = Debug|Any CPU
		{7CFE958B-0124-4674-98C5-54D6BF739623}.Debug|x64.ActiveCfg = Debug|Any CPU
		{7CFE958B-0124-4674-98C5-54D6BF739623}.Debug|x64.Build.0 = Debug|Any CPU
		{7CFE958B-0124-4674-98C5-54D6BF739623}.Debug|x86.ActiveCfg = Debug|Any CPU
		{7CFE958B-0124-4674-98C5-54D6BF739623}.Debug|x86.Build.0 = Debug|Any CPU
		{7CFE958B-0124-4674-98C5-54D6BF739623}.Release|Any CPU.ActiveCfg = Release|Any CPU
		{7CFE958B-0124-4674-98C5-54D6BF739623}.Release|Any CPU.Build.0 = Release|Any CPU
		{7CFE958B-0124-4674-98C5-54D6BF739623}.Release|x64.ActiveCfg = Release|Any CPU
		{7CFE958B-0124-4674-98C5-54D6BF739623}.Release|x64.Build.0 = Release|Any CPU
		{7CFE958B-0124-4674-98C5-54D6BF739623}.Release|x86.ActiveCfg = Release|Any CPU
		{7CFE958B-0124-4674-98C5-54D6BF739623}.Release|x86.Build.0 = Release|Any CPU
		{D3736636-0C20-4F6A-BC9E-F72214E3802D}.Debug|Any CPU.ActiveCfg = Debug|Any CPU
		{D3736636-0C20-4F6A-BC9E-F72214E3802D}.Debug|Any CPU.Build.0 = Debug|Any CPU
		{D3736636-0C20-4F6A-BC9E-F72214E3802D}.Debug|x64.ActiveCfg = Debug|Any CPU
		{D3736636-0C20-4F6A-BC9E-F72214E3802D}.Debug|x64.Build.0 = Debug|Any CPU
		{D3736636-0C20-4F6A-BC9E-F72214E3802D}.Debug|x86.ActiveCfg = Debug|Any CPU
		{D3736636-0C20-4F6A-BC9E-F72214E3802D}.Debug|x86.Build.0 = Debug|Any CPU
		{D3736636-0C20-4F6A-BC9E-F72214E3802D}.Release|Any CPU.ActiveCfg = Release|Any CPU
		{D3736636-0C20-4F6A-BC9E-F72214E3802D}.Release|Any CPU.Build.0 = Release|Any CPU
		{D3736636-0C20-4F6A-BC9E-F72214E3802D}.Release|x64.ActiveCfg = Release|Any CPU
		{D3736636-0C20-4F6A-BC9E-F72214E3802D}.Release|x64.Build.0 = Release|Any CPU
		{D3736636-0C20-4F6A-BC9E-F72214E3802D}.Release|x86.ActiveCfg = Release|Any CPU
		{D3736636-0C20-4F6A-BC9E-F72214E3802D}.Release|x86.Build.0 = Release|Any CPU
		{76E82386-53CE-452D-8DB9-11DFD762D6D4}.Debug|Any CPU.ActiveCfg = Debug|Any CPU
		{76E82386-53CE-452D-8DB9-11DFD762D6D4}.Debug|Any CPU.Build.0 = Debug|Any CPU
		{76E82386-53CE-452D-8DB9-11DFD762D6D4}.Debug|x64.ActiveCfg = Debug|Any CPU
		{76E82386-53CE-452D-8DB9-11DFD762D6D4}.Debug|x64.Build.0 = Debug|Any CPU
		{76E82386-53CE-452D-8DB9-11DFD762D6D4}.Debug|x86.ActiveCfg = Debug|Any CPU
		{76E82386-53CE-452D-8DB9-11DFD762D6D4}.Debug|x86.Build.0 = Debug|Any CPU
		{76E82386-53CE-452D-8DB9-11DFD762D6D4}.Release|Any CPU.ActiveCfg = Release|Any CPU
		{76E82386-53CE-452D-8DB9-11DFD762D6D4}.Release|Any CPU.Build.0 = Release|Any CPU
		{76E82386-53CE-452D-8DB9-11DFD762D6D4}.Release|x64.ActiveCfg = Release|Any CPU
		{76E82386-53CE-452D-8DB9-11DFD762D6D4}.Release|x64.Build.0 = Release|Any CPU
		{76E82386-53CE-452D-8DB9-11DFD762D6D4}.Release|x86.ActiveCfg = Release|Any CPU
		{76E82386-53CE-452D-8DB9-11DFD762D6D4}.Release|x86.Build.0 = Release|Any CPU
		{F9E9E9AC-21B5-47E8-AC38-C5569D1E9C1C}.Debug|Any CPU.ActiveCfg = Debug|Any CPU
		{F9E9E9AC-21B5-47E8-AC38-C5569D1E9C1C}.Debug|Any CPU.Build.0 = Debug|Any CPU
		{F9E9E9AC-21B5-47E8-AC38-C5569D1E9C1C}.Debug|x64.ActiveCfg = Debug|Any CPU
		{F9E9E9AC-21B5-47E8-AC38-C5569D1E9C1C}.Debug|x64.Build.0 = Debug|Any CPU
		{F9E9E9AC-21B5-47E8-AC38-C5569D1E9C1C}.Debug|x86.ActiveCfg = Debug|Any CPU
		{F9E9E9AC-21B5-47E8-AC38-C5569D1E9C1C}.Debug|x86.Build.0 = Debug|Any CPU
		{F9E9E9AC-21B5-47E8-AC38-C5569D1E9C1C}.Release|Any CPU.ActiveCfg = Release|Any CPU
		{F9E9E9AC-21B5-47E8-AC38-C5569D1E9C1C}.Release|Any CPU.Build.0 = Release|Any CPU
		{F9E9E9AC-21B5-47E8-AC38-C5569D1E9C1C}.Release|x64.ActiveCfg = Release|Any CPU
		{F9E9E9AC-21B5-47E8-AC38-C5569D1E9C1C}.Release|x64.Build.0 = Release|Any CPU
		{F9E9E9AC-21B5-47E8-AC38-C5569D1E9C1C}.Release|x86.ActiveCfg = Release|Any CPU
		{F9E9E9AC-21B5-47E8-AC38-C5569D1E9C1C}.Release|x86.Build.0 = Release|Any CPU
		{2A4B43A1-5310-4320-9DCC-AB1975B2EDAF}.Debug|Any CPU.ActiveCfg = Debug|Any CPU
		{2A4B43A1-5310-4320-9DCC-AB1975B2EDAF}.Debug|Any CPU.Build.0 = Debug|Any CPU
		{2A4B43A1-5310-4320-9DCC-AB1975B2EDAF}.Debug|x64.ActiveCfg = Debug|Any CPU
		{2A4B43A1-5310-4320-9DCC-AB1975B2EDAF}.Debug|x64.Build.0 = Debug|Any CPU
		{2A4B43A1-5310-4320-9DCC-AB1975B2EDAF}.Debug|x86.ActiveCfg = Debug|Any CPU
		{2A4B43A1-5310-4320-9DCC-AB1975B2EDAF}.Debug|x86.Build.0 = Debug|Any CPU
		{2A4B43A1-5310-4320-9DCC-AB1975B2EDAF}.Release|Any CPU.ActiveCfg = Release|Any CPU
		{2A4B43A1-5310-4320-9DCC-AB1975B2EDAF}.Release|Any CPU.Build.0 = Release|Any CPU
		{2A4B43A1-5310-4320-9DCC-AB1975B2EDAF}.Release|x64.ActiveCfg = Release|Any CPU
		{2A4B43A1-5310-4320-9DCC-AB1975B2EDAF}.Release|x64.Build.0 = Release|Any CPU
		{2A4B43A1-5310-4320-9DCC-AB1975B2EDAF}.Release|x86.ActiveCfg = Release|Any CPU
		{2A4B43A1-5310-4320-9DCC-AB1975B2EDAF}.Release|x86.Build.0 = Release|Any CPU
		{16C2AC9A-9B0A-4ED6-B6C4-58F9E47B17C2}.Debug|Any CPU.ActiveCfg = Debug|Any CPU
		{16C2AC9A-9B0A-4ED6-B6C4-58F9E47B17C2}.Debug|Any CPU.Build.0 = Debug|Any CPU
		{16C2AC9A-9B0A-4ED6-B6C4-58F9E47B17C2}.Debug|x64.ActiveCfg = Debug|Any CPU
		{16C2AC9A-9B0A-4ED6-B6C4-58F9E47B17C2}.Debug|x64.Build.0 = Debug|Any CPU
		{16C2AC9A-9B0A-4ED6-B6C4-58F9E47B17C2}.Debug|x86.ActiveCfg = Debug|Any CPU
		{16C2AC9A-9B0A-4ED6-B6C4-58F9E47B17C2}.Debug|x86.Build.0 = Debug|Any CPU
		{16C2AC9A-9B0A-4ED6-B6C4-58F9E47B17C2}.Release|Any CPU.ActiveCfg = Release|Any CPU
		{16C2AC9A-9B0A-4ED6-B6C4-58F9E47B17C2}.Release|Any CPU.Build.0 = Release|Any CPU
		{16C2AC9A-9B0A-4ED6-B6C4-58F9E47B17C2}.Release|x64.ActiveCfg = Release|Any CPU
		{16C2AC9A-9B0A-4ED6-B6C4-58F9E47B17C2}.Release|x64.Build.0 = Release|Any CPU
		{16C2AC9A-9B0A-4ED6-B6C4-58F9E47B17C2}.Release|x86.ActiveCfg = Release|Any CPU
		{16C2AC9A-9B0A-4ED6-B6C4-58F9E47B17C2}.Release|x86.Build.0 = Release|Any CPU
		{BFB9E2D4-E9DD-41B5-9FD7-F0A723EDAD9D}.Debug|Any CPU.ActiveCfg = Debug|Any CPU
		{BFB9E2D4-E9DD-41B5-9FD7-F0A723EDAD9D}.Debug|Any CPU.Build.0 = Debug|Any CPU
		{BFB9E2D4-E9DD-41B5-9FD7-F0A723EDAD9D}.Debug|x64.ActiveCfg = Debug|Any CPU
		{BFB9E2D4-E9DD-41B5-9FD7-F0A723EDAD9D}.Debug|x64.Build.0 = Debug|Any CPU
		{BFB9E2D4-E9DD-41B5-9FD7-F0A723EDAD9D}.Debug|x86.ActiveCfg = Debug|Any CPU
		{BFB9E2D4-E9DD-41B5-9FD7-F0A723EDAD9D}.Debug|x86.Build.0 = Debug|Any CPU
		{BFB9E2D4-E9DD-41B5-9FD7-F0A723EDAD9D}.Release|Any CPU.ActiveCfg = Release|Any CPU
		{BFB9E2D4-E9DD-41B5-9FD7-F0A723EDAD9D}.Release|Any CPU.Build.0 = Release|Any CPU
		{BFB9E2D4-E9DD-41B5-9FD7-F0A723EDAD9D}.Release|x64.ActiveCfg = Release|Any CPU
		{BFB9E2D4-E9DD-41B5-9FD7-F0A723EDAD9D}.Release|x64.Build.0 = Release|Any CPU
		{BFB9E2D4-E9DD-41B5-9FD7-F0A723EDAD9D}.Release|x86.ActiveCfg = Release|Any CPU
		{BFB9E2D4-E9DD-41B5-9FD7-F0A723EDAD9D}.Release|x86.Build.0 = Release|Any CPU
		{73798D74-4EE4-4FB6-9AB2-0C17F60F912D}.Debug|Any CPU.ActiveCfg = Debug|Any CPU
		{73798D74-4EE4-4FB6-9AB2-0C17F60F912D}.Debug|Any CPU.Build.0 = Debug|Any CPU
		{73798D74-4EE4-4FB6-9AB2-0C17F60F912D}.Debug|x64.ActiveCfg = Debug|Any CPU
		{73798D74-4EE4-4FB6-9AB2-0C17F60F912D}.Debug|x64.Build.0 = Debug|Any CPU
		{73798D74-4EE4-4FB6-9AB2-0C17F60F912D}.Debug|x86.ActiveCfg = Debug|Any CPU
		{73798D74-4EE4-4FB6-9AB2-0C17F60F912D}.Debug|x86.Build.0 = Debug|Any CPU
		{73798D74-4EE4-4FB6-9AB2-0C17F60F912D}.Release|Any CPU.ActiveCfg = Release|Any CPU
		{73798D74-4EE4-4FB6-9AB2-0C17F60F912D}.Release|Any CPU.Build.0 = Release|Any CPU
		{73798D74-4EE4-4FB6-9AB2-0C17F60F912D}.Release|x64.ActiveCfg = Release|Any CPU
		{73798D74-4EE4-4FB6-9AB2-0C17F60F912D}.Release|x64.Build.0 = Release|Any CPU
		{73798D74-4EE4-4FB6-9AB2-0C17F60F912D}.Release|x86.ActiveCfg = Release|Any CPU
		{73798D74-4EE4-4FB6-9AB2-0C17F60F912D}.Release|x86.Build.0 = Release|Any CPU
		{F4AB2A56-E318-4B89-8A07-912C992A1C25}.Debug|Any CPU.ActiveCfg = Debug|Any CPU
		{F4AB2A56-E318-4B89-8A07-912C992A1C25}.Debug|Any CPU.Build.0 = Debug|Any CPU
		{F4AB2A56-E318-4B89-8A07-912C992A1C25}.Debug|x64.ActiveCfg = Debug|Any CPU
		{F4AB2A56-E318-4B89-8A07-912C992A1C25}.Debug|x64.Build.0 = Debug|Any CPU
		{F4AB2A56-E318-4B89-8A07-912C992A1C25}.Debug|x86.ActiveCfg = Debug|Any CPU
		{F4AB2A56-E318-4B89-8A07-912C992A1C25}.Debug|x86.Build.0 = Debug|Any CPU
		{F4AB2A56-E318-4B89-8A07-912C992A1C25}.Release|Any CPU.ActiveCfg = Release|Any CPU
		{F4AB2A56-E318-4B89-8A07-912C992A1C25}.Release|Any CPU.Build.0 = Release|Any CPU
		{F4AB2A56-E318-4B89-8A07-912C992A1C25}.Release|x64.ActiveCfg = Release|Any CPU
		{F4AB2A56-E318-4B89-8A07-912C992A1C25}.Release|x64.Build.0 = Release|Any CPU
		{F4AB2A56-E318-4B89-8A07-912C992A1C25}.Release|x86.ActiveCfg = Release|Any CPU
		{F4AB2A56-E318-4B89-8A07-912C992A1C25}.Release|x86.Build.0 = Release|Any CPU
		{E5DE39C7-4EEB-4EEE-A2EF-B3EC974EE256}.Debug|Any CPU.ActiveCfg = Debug|Any CPU
		{E5DE39C7-4EEB-4EEE-A2EF-B3EC974EE256}.Debug|Any CPU.Build.0 = Debug|Any CPU
		{E5DE39C7-4EEB-4EEE-A2EF-B3EC974EE256}.Debug|x64.ActiveCfg = Debug|Any CPU
		{E5DE39C7-4EEB-4EEE-A2EF-B3EC974EE256}.Debug|x64.Build.0 = Debug|Any CPU
		{E5DE39C7-4EEB-4EEE-A2EF-B3EC974EE256}.Debug|x86.ActiveCfg = Debug|Any CPU
		{E5DE39C7-4EEB-4EEE-A2EF-B3EC974EE256}.Debug|x86.Build.0 = Debug|Any CPU
		{E5DE39C7-4EEB-4EEE-A2EF-B3EC974EE256}.Release|Any CPU.ActiveCfg = Release|Any CPU
		{E5DE39C7-4EEB-4EEE-A2EF-B3EC974EE256}.Release|Any CPU.Build.0 = Release|Any CPU
		{E5DE39C7-4EEB-4EEE-A2EF-B3EC974EE256}.Release|x64.ActiveCfg = Release|Any CPU
		{E5DE39C7-4EEB-4EEE-A2EF-B3EC974EE256}.Release|x64.Build.0 = Release|Any CPU
		{E5DE39C7-4EEB-4EEE-A2EF-B3EC974EE256}.Release|x86.ActiveCfg = Release|Any CPU
		{E5DE39C7-4EEB-4EEE-A2EF-B3EC974EE256}.Release|x86.Build.0 = Release|Any CPU
		{5701C9C6-5344-4E63-9EFF-9C86D330A2CC}.Debug|Any CPU.ActiveCfg = Debug|Any CPU
		{5701C9C6-5344-4E63-9EFF-9C86D330A2CC}.Debug|Any CPU.Build.0 = Debug|Any CPU
		{5701C9C6-5344-4E63-9EFF-9C86D330A2CC}.Debug|x64.ActiveCfg = Debug|Any CPU
		{5701C9C6-5344-4E63-9EFF-9C86D330A2CC}.Debug|x64.Build.0 = Debug|Any CPU
		{5701C9C6-5344-4E63-9EFF-9C86D330A2CC}.Debug|x86.ActiveCfg = Debug|Any CPU
		{5701C9C6-5344-4E63-9EFF-9C86D330A2CC}.Debug|x86.Build.0 = Debug|Any CPU
		{5701C9C6-5344-4E63-9EFF-9C86D330A2CC}.Release|Any CPU.ActiveCfg = Release|Any CPU
		{5701C9C6-5344-4E63-9EFF-9C86D330A2CC}.Release|Any CPU.Build.0 = Release|Any CPU
		{5701C9C6-5344-4E63-9EFF-9C86D330A2CC}.Release|x64.ActiveCfg = Release|Any CPU
		{5701C9C6-5344-4E63-9EFF-9C86D330A2CC}.Release|x64.Build.0 = Release|Any CPU
		{5701C9C6-5344-4E63-9EFF-9C86D330A2CC}.Release|x86.ActiveCfg = Release|Any CPU
		{5701C9C6-5344-4E63-9EFF-9C86D330A2CC}.Release|x86.Build.0 = Release|Any CPU
		{976A95DA-4A98-40C2-92EA-433CA70E6B36}.Debug|Any CPU.ActiveCfg = Debug|Any CPU
		{976A95DA-4A98-40C2-92EA-433CA70E6B36}.Debug|Any CPU.Build.0 = Debug|Any CPU
		{976A95DA-4A98-40C2-92EA-433CA70E6B36}.Debug|x64.ActiveCfg = Debug|Any CPU
		{976A95DA-4A98-40C2-92EA-433CA70E6B36}.Debug|x64.Build.0 = Debug|Any CPU
		{976A95DA-4A98-40C2-92EA-433CA70E6B36}.Debug|x86.ActiveCfg = Debug|Any CPU
		{976A95DA-4A98-40C2-92EA-433CA70E6B36}.Debug|x86.Build.0 = Debug|Any CPU
		{976A95DA-4A98-40C2-92EA-433CA70E6B36}.Release|Any CPU.ActiveCfg = Release|Any CPU
		{976A95DA-4A98-40C2-92EA-433CA70E6B36}.Release|Any CPU.Build.0 = Release|Any CPU
		{976A95DA-4A98-40C2-92EA-433CA70E6B36}.Release|x64.ActiveCfg = Release|Any CPU
		{976A95DA-4A98-40C2-92EA-433CA70E6B36}.Release|x64.Build.0 = Release|Any CPU
		{976A95DA-4A98-40C2-92EA-433CA70E6B36}.Release|x86.ActiveCfg = Release|Any CPU
		{976A95DA-4A98-40C2-92EA-433CA70E6B36}.Release|x86.Build.0 = Release|Any CPU
		{2E67CDF3-28CF-46AC-8B15-EE1806CD88CD}.Debug|Any CPU.ActiveCfg = Debug|Any CPU
		{2E67CDF3-28CF-46AC-8B15-EE1806CD88CD}.Debug|Any CPU.Build.0 = Debug|Any CPU
		{2E67CDF3-28CF-46AC-8B15-EE1806CD88CD}.Debug|x64.ActiveCfg = Debug|Any CPU
		{2E67CDF3-28CF-46AC-8B15-EE1806CD88CD}.Debug|x64.Build.0 = Debug|Any CPU
		{2E67CDF3-28CF-46AC-8B15-EE1806CD88CD}.Debug|x86.ActiveCfg = Debug|Any CPU
		{2E67CDF3-28CF-46AC-8B15-EE1806CD88CD}.Debug|x86.Build.0 = Debug|Any CPU
		{2E67CDF3-28CF-46AC-8B15-EE1806CD88CD}.Release|Any CPU.ActiveCfg = Release|Any CPU
		{2E67CDF3-28CF-46AC-8B15-EE1806CD88CD}.Release|Any CPU.Build.0 = Release|Any CPU
		{2E67CDF3-28CF-46AC-8B15-EE1806CD88CD}.Release|x64.ActiveCfg = Release|Any CPU
		{2E67CDF3-28CF-46AC-8B15-EE1806CD88CD}.Release|x64.Build.0 = Release|Any CPU
		{2E67CDF3-28CF-46AC-8B15-EE1806CD88CD}.Release|x86.ActiveCfg = Release|Any CPU
		{2E67CDF3-28CF-46AC-8B15-EE1806CD88CD}.Release|x86.Build.0 = Release|Any CPU
		{1A3D7EC7-1E41-4A61-8507-77A33A77BB85}.Debug|Any CPU.ActiveCfg = Debug|Any CPU
		{1A3D7EC7-1E41-4A61-8507-77A33A77BB85}.Debug|Any CPU.Build.0 = Debug|Any CPU
		{1A3D7EC7-1E41-4A61-8507-77A33A77BB85}.Debug|x64.ActiveCfg = Debug|Any CPU
		{1A3D7EC7-1E41-4A61-8507-77A33A77BB85}.Debug|x64.Build.0 = Debug|Any CPU
		{1A3D7EC7-1E41-4A61-8507-77A33A77BB85}.Debug|x86.ActiveCfg = Debug|Any CPU
		{1A3D7EC7-1E41-4A61-8507-77A33A77BB85}.Debug|x86.Build.0 = Debug|Any CPU
		{1A3D7EC7-1E41-4A61-8507-77A33A77BB85}.Release|Any CPU.ActiveCfg = Release|Any CPU
		{1A3D7EC7-1E41-4A61-8507-77A33A77BB85}.Release|Any CPU.Build.0 = Release|Any CPU
		{1A3D7EC7-1E41-4A61-8507-77A33A77BB85}.Release|x64.ActiveCfg = Release|Any CPU
		{1A3D7EC7-1E41-4A61-8507-77A33A77BB85}.Release|x64.Build.0 = Release|Any CPU
		{1A3D7EC7-1E41-4A61-8507-77A33A77BB85}.Release|x86.ActiveCfg = Release|Any CPU
		{1A3D7EC7-1E41-4A61-8507-77A33A77BB85}.Release|x86.Build.0 = Release|Any CPU
		{37E2FAAA-F518-4145-98BE-4A1AD08ED4D9}.Debug|Any CPU.ActiveCfg = Debug|Any CPU
		{37E2FAAA-F518-4145-98BE-4A1AD08ED4D9}.Debug|Any CPU.Build.0 = Debug|Any CPU
		{37E2FAAA-F518-4145-98BE-4A1AD08ED4D9}.Debug|x64.ActiveCfg = Debug|Any CPU
		{37E2FAAA-F518-4145-98BE-4A1AD08ED4D9}.Debug|x64.Build.0 = Debug|Any CPU
		{37E2FAAA-F518-4145-98BE-4A1AD08ED4D9}.Debug|x86.ActiveCfg = Debug|Any CPU
		{37E2FAAA-F518-4145-98BE-4A1AD08ED4D9}.Debug|x86.Build.0 = Debug|Any CPU
		{37E2FAAA-F518-4145-98BE-4A1AD08ED4D9}.Release|Any CPU.ActiveCfg = Release|Any CPU
		{37E2FAAA-F518-4145-98BE-4A1AD08ED4D9}.Release|Any CPU.Build.0 = Release|Any CPU
		{37E2FAAA-F518-4145-98BE-4A1AD08ED4D9}.Release|x64.ActiveCfg = Release|Any CPU
		{37E2FAAA-F518-4145-98BE-4A1AD08ED4D9}.Release|x64.Build.0 = Release|Any CPU
		{37E2FAAA-F518-4145-98BE-4A1AD08ED4D9}.Release|x86.ActiveCfg = Release|Any CPU
		{37E2FAAA-F518-4145-98BE-4A1AD08ED4D9}.Release|x86.Build.0 = Release|Any CPU
		{083E6C69-3A2D-40D9-B7D6-CB01C7E4E15E}.Debug|Any CPU.ActiveCfg = Debug|Any CPU
		{083E6C69-3A2D-40D9-B7D6-CB01C7E4E15E}.Debug|Any CPU.Build.0 = Debug|Any CPU
		{083E6C69-3A2D-40D9-B7D6-CB01C7E4E15E}.Debug|x64.ActiveCfg = Debug|Any CPU
		{083E6C69-3A2D-40D9-B7D6-CB01C7E4E15E}.Debug|x64.Build.0 = Debug|Any CPU
		{083E6C69-3A2D-40D9-B7D6-CB01C7E4E15E}.Debug|x86.ActiveCfg = Debug|Any CPU
		{083E6C69-3A2D-40D9-B7D6-CB01C7E4E15E}.Debug|x86.Build.0 = Debug|Any CPU
		{083E6C69-3A2D-40D9-B7D6-CB01C7E4E15E}.Release|Any CPU.ActiveCfg = Release|Any CPU
		{083E6C69-3A2D-40D9-B7D6-CB01C7E4E15E}.Release|Any CPU.Build.0 = Release|Any CPU
		{083E6C69-3A2D-40D9-B7D6-CB01C7E4E15E}.Release|x64.ActiveCfg = Release|Any CPU
		{083E6C69-3A2D-40D9-B7D6-CB01C7E4E15E}.Release|x64.Build.0 = Release|Any CPU
		{083E6C69-3A2D-40D9-B7D6-CB01C7E4E15E}.Release|x86.ActiveCfg = Release|Any CPU
		{083E6C69-3A2D-40D9-B7D6-CB01C7E4E15E}.Release|x86.Build.0 = Release|Any CPU
		{674ED087-9C63-4EDF-8CC0-7A669B0ADA45}.Debug|Any CPU.ActiveCfg = Debug|Any CPU
		{674ED087-9C63-4EDF-8CC0-7A669B0ADA45}.Debug|Any CPU.Build.0 = Debug|Any CPU
		{674ED087-9C63-4EDF-8CC0-7A669B0ADA45}.Debug|x64.ActiveCfg = Debug|Any CPU
		{674ED087-9C63-4EDF-8CC0-7A669B0ADA45}.Debug|x64.Build.0 = Debug|Any CPU
		{674ED087-9C63-4EDF-8CC0-7A669B0ADA45}.Debug|x86.ActiveCfg = Debug|Any CPU
		{674ED087-9C63-4EDF-8CC0-7A669B0ADA45}.Debug|x86.Build.0 = Debug|Any CPU
		{674ED087-9C63-4EDF-8CC0-7A669B0ADA45}.Release|Any CPU.ActiveCfg = Release|Any CPU
		{674ED087-9C63-4EDF-8CC0-7A669B0ADA45}.Release|Any CPU.Build.0 = Release|Any CPU
		{674ED087-9C63-4EDF-8CC0-7A669B0ADA45}.Release|x64.ActiveCfg = Release|Any CPU
		{674ED087-9C63-4EDF-8CC0-7A669B0ADA45}.Release|x64.Build.0 = Release|Any CPU
		{674ED087-9C63-4EDF-8CC0-7A669B0ADA45}.Release|x86.ActiveCfg = Release|Any CPU
		{674ED087-9C63-4EDF-8CC0-7A669B0ADA45}.Release|x86.Build.0 = Release|Any CPU
		{B5E5D8E3-32B0-4D8D-B2B9-AEE098D49F5A}.Debug|Any CPU.ActiveCfg = Debug|Any CPU
		{B5E5D8E3-32B0-4D8D-B2B9-AEE098D49F5A}.Debug|Any CPU.Build.0 = Debug|Any CPU
		{B5E5D8E3-32B0-4D8D-B2B9-AEE098D49F5A}.Debug|x64.ActiveCfg = Debug|Any CPU
		{B5E5D8E3-32B0-4D8D-B2B9-AEE098D49F5A}.Debug|x64.Build.0 = Debug|Any CPU
		{B5E5D8E3-32B0-4D8D-B2B9-AEE098D49F5A}.Debug|x86.ActiveCfg = Debug|Any CPU
		{B5E5D8E3-32B0-4D8D-B2B9-AEE098D49F5A}.Debug|x86.Build.0 = Debug|Any CPU
		{B5E5D8E3-32B0-4D8D-B2B9-AEE098D49F5A}.Release|Any CPU.ActiveCfg = Release|Any CPU
		{B5E5D8E3-32B0-4D8D-B2B9-AEE098D49F5A}.Release|Any CPU.Build.0 = Release|Any CPU
		{B5E5D8E3-32B0-4D8D-B2B9-AEE098D49F5A}.Release|x64.ActiveCfg = Release|Any CPU
		{B5E5D8E3-32B0-4D8D-B2B9-AEE098D49F5A}.Release|x64.Build.0 = Release|Any CPU
		{B5E5D8E3-32B0-4D8D-B2B9-AEE098D49F5A}.Release|x86.ActiveCfg = Release|Any CPU
		{B5E5D8E3-32B0-4D8D-B2B9-AEE098D49F5A}.Release|x86.Build.0 = Release|Any CPU
		{2E32B6B4-E122-4E25-B29E-B95D84970C91}.Debug|Any CPU.ActiveCfg = Debug|Any CPU
		{2E32B6B4-E122-4E25-B29E-B95D84970C91}.Debug|Any CPU.Build.0 = Debug|Any CPU
		{2E32B6B4-E122-4E25-B29E-B95D84970C91}.Debug|x64.ActiveCfg = Debug|Any CPU
		{2E32B6B4-E122-4E25-B29E-B95D84970C91}.Debug|x64.Build.0 = Debug|Any CPU
		{2E32B6B4-E122-4E25-B29E-B95D84970C91}.Debug|x86.ActiveCfg = Debug|Any CPU
		{2E32B6B4-E122-4E25-B29E-B95D84970C91}.Debug|x86.Build.0 = Debug|Any CPU
		{2E32B6B4-E122-4E25-B29E-B95D84970C91}.Release|Any CPU.ActiveCfg = Release|Any CPU
		{2E32B6B4-E122-4E25-B29E-B95D84970C91}.Release|Any CPU.Build.0 = Release|Any CPU
		{2E32B6B4-E122-4E25-B29E-B95D84970C91}.Release|x64.ActiveCfg = Release|Any CPU
		{2E32B6B4-E122-4E25-B29E-B95D84970C91}.Release|x64.Build.0 = Release|Any CPU
		{2E32B6B4-E122-4E25-B29E-B95D84970C91}.Release|x86.ActiveCfg = Release|Any CPU
		{2E32B6B4-E122-4E25-B29E-B95D84970C91}.Release|x86.Build.0 = Release|Any CPU
		{22623D7C-D278-441F-9ED3-4FDB8FE294C6}.Debug|Any CPU.ActiveCfg = Debug|Any CPU
		{22623D7C-D278-441F-9ED3-4FDB8FE294C6}.Debug|Any CPU.Build.0 = Debug|Any CPU
		{22623D7C-D278-441F-9ED3-4FDB8FE294C6}.Debug|x64.ActiveCfg = Debug|Any CPU
		{22623D7C-D278-441F-9ED3-4FDB8FE294C6}.Debug|x64.Build.0 = Debug|Any CPU
		{22623D7C-D278-441F-9ED3-4FDB8FE294C6}.Debug|x86.ActiveCfg = Debug|Any CPU
		{22623D7C-D278-441F-9ED3-4FDB8FE294C6}.Debug|x86.Build.0 = Debug|Any CPU
		{22623D7C-D278-441F-9ED3-4FDB8FE294C6}.Release|Any CPU.ActiveCfg = Release|Any CPU
		{22623D7C-D278-441F-9ED3-4FDB8FE294C6}.Release|Any CPU.Build.0 = Release|Any CPU
		{22623D7C-D278-441F-9ED3-4FDB8FE294C6}.Release|x64.ActiveCfg = Release|Any CPU
		{22623D7C-D278-441F-9ED3-4FDB8FE294C6}.Release|x64.Build.0 = Release|Any CPU
		{22623D7C-D278-441F-9ED3-4FDB8FE294C6}.Release|x86.ActiveCfg = Release|Any CPU
		{22623D7C-D278-441F-9ED3-4FDB8FE294C6}.Release|x86.Build.0 = Release|Any CPU
		{DB21207D-0441-470D-800F-86D6F64F5D34}.Debug|Any CPU.ActiveCfg = Debug|Any CPU
		{DB21207D-0441-470D-800F-86D6F64F5D34}.Debug|Any CPU.Build.0 = Debug|Any CPU
		{DB21207D-0441-470D-800F-86D6F64F5D34}.Debug|x64.ActiveCfg = Debug|Any CPU
		{DB21207D-0441-470D-800F-86D6F64F5D34}.Debug|x64.Build.0 = Debug|Any CPU
		{DB21207D-0441-470D-800F-86D6F64F5D34}.Debug|x86.ActiveCfg = Debug|Any CPU
		{DB21207D-0441-470D-800F-86D6F64F5D34}.Debug|x86.Build.0 = Debug|Any CPU
		{DB21207D-0441-470D-800F-86D6F64F5D34}.Release|Any CPU.ActiveCfg = Release|Any CPU
		{DB21207D-0441-470D-800F-86D6F64F5D34}.Release|Any CPU.Build.0 = Release|Any CPU
		{DB21207D-0441-470D-800F-86D6F64F5D34}.Release|x64.ActiveCfg = Release|Any CPU
		{DB21207D-0441-470D-800F-86D6F64F5D34}.Release|x64.Build.0 = Release|Any CPU
		{DB21207D-0441-470D-800F-86D6F64F5D34}.Release|x86.ActiveCfg = Release|Any CPU
		{DB21207D-0441-470D-800F-86D6F64F5D34}.Release|x86.Build.0 = Release|Any CPU
		{9CB1230F-6BDD-4278-B6D2-8C287CEC2F03}.Debug|Any CPU.ActiveCfg = Debug|Any CPU
		{9CB1230F-6BDD-4278-B6D2-8C287CEC2F03}.Debug|Any CPU.Build.0 = Debug|Any CPU
		{9CB1230F-6BDD-4278-B6D2-8C287CEC2F03}.Debug|x64.ActiveCfg = Debug|Any CPU
		{9CB1230F-6BDD-4278-B6D2-8C287CEC2F03}.Debug|x64.Build.0 = Debug|Any CPU
		{9CB1230F-6BDD-4278-B6D2-8C287CEC2F03}.Debug|x86.ActiveCfg = Debug|Any CPU
		{9CB1230F-6BDD-4278-B6D2-8C287CEC2F03}.Debug|x86.Build.0 = Debug|Any CPU
		{9CB1230F-6BDD-4278-B6D2-8C287CEC2F03}.Release|Any CPU.ActiveCfg = Release|Any CPU
		{9CB1230F-6BDD-4278-B6D2-8C287CEC2F03}.Release|Any CPU.Build.0 = Release|Any CPU
		{9CB1230F-6BDD-4278-B6D2-8C287CEC2F03}.Release|x64.ActiveCfg = Release|Any CPU
		{9CB1230F-6BDD-4278-B6D2-8C287CEC2F03}.Release|x64.Build.0 = Release|Any CPU
		{9CB1230F-6BDD-4278-B6D2-8C287CEC2F03}.Release|x86.ActiveCfg = Release|Any CPU
		{9CB1230F-6BDD-4278-B6D2-8C287CEC2F03}.Release|x86.Build.0 = Release|Any CPU
		{AA2BD8FE-CC3D-424C-AB0C-EAF8064D53D8}.Debug|Any CPU.ActiveCfg = Debug|Any CPU
		{AA2BD8FE-CC3D-424C-AB0C-EAF8064D53D8}.Debug|Any CPU.Build.0 = Debug|Any CPU
		{AA2BD8FE-CC3D-424C-AB0C-EAF8064D53D8}.Debug|x64.ActiveCfg = Debug|Any CPU
		{AA2BD8FE-CC3D-424C-AB0C-EAF8064D53D8}.Debug|x64.Build.0 = Debug|Any CPU
		{AA2BD8FE-CC3D-424C-AB0C-EAF8064D53D8}.Debug|x86.ActiveCfg = Debug|Any CPU
		{AA2BD8FE-CC3D-424C-AB0C-EAF8064D53D8}.Debug|x86.Build.0 = Debug|Any CPU
		{AA2BD8FE-CC3D-424C-AB0C-EAF8064D53D8}.Release|Any CPU.ActiveCfg = Release|Any CPU
		{AA2BD8FE-CC3D-424C-AB0C-EAF8064D53D8}.Release|Any CPU.Build.0 = Release|Any CPU
		{AA2BD8FE-CC3D-424C-AB0C-EAF8064D53D8}.Release|x64.ActiveCfg = Release|Any CPU
		{AA2BD8FE-CC3D-424C-AB0C-EAF8064D53D8}.Release|x64.Build.0 = Release|Any CPU
		{AA2BD8FE-CC3D-424C-AB0C-EAF8064D53D8}.Release|x86.ActiveCfg = Release|Any CPU
		{AA2BD8FE-CC3D-424C-AB0C-EAF8064D53D8}.Release|x86.Build.0 = Release|Any CPU
		{4AE0499A-008A-4F87-86AD-892DC7976612}.Debug|Any CPU.ActiveCfg = Debug|Any CPU
		{4AE0499A-008A-4F87-86AD-892DC7976612}.Debug|Any CPU.Build.0 = Debug|Any CPU
		{4AE0499A-008A-4F87-86AD-892DC7976612}.Debug|x64.ActiveCfg = Debug|Any CPU
		{4AE0499A-008A-4F87-86AD-892DC7976612}.Debug|x64.Build.0 = Debug|Any CPU
		{4AE0499A-008A-4F87-86AD-892DC7976612}.Debug|x86.ActiveCfg = Debug|Any CPU
		{4AE0499A-008A-4F87-86AD-892DC7976612}.Debug|x86.Build.0 = Debug|Any CPU
		{4AE0499A-008A-4F87-86AD-892DC7976612}.Release|Any CPU.ActiveCfg = Release|Any CPU
		{4AE0499A-008A-4F87-86AD-892DC7976612}.Release|Any CPU.Build.0 = Release|Any CPU
		{4AE0499A-008A-4F87-86AD-892DC7976612}.Release|x64.ActiveCfg = Release|Any CPU
		{4AE0499A-008A-4F87-86AD-892DC7976612}.Release|x64.Build.0 = Release|Any CPU
		{4AE0499A-008A-4F87-86AD-892DC7976612}.Release|x86.ActiveCfg = Release|Any CPU
		{4AE0499A-008A-4F87-86AD-892DC7976612}.Release|x86.Build.0 = Release|Any CPU
		{57F21DB3-40D1-4C07-85F5-B01559314710}.Debug|Any CPU.ActiveCfg = Debug|Any CPU
		{57F21DB3-40D1-4C07-85F5-B01559314710}.Debug|Any CPU.Build.0 = Debug|Any CPU
		{57F21DB3-40D1-4C07-85F5-B01559314710}.Debug|x64.ActiveCfg = Debug|Any CPU
		{57F21DB3-40D1-4C07-85F5-B01559314710}.Debug|x64.Build.0 = Debug|Any CPU
		{57F21DB3-40D1-4C07-85F5-B01559314710}.Debug|x86.ActiveCfg = Debug|Any CPU
		{57F21DB3-40D1-4C07-85F5-B01559314710}.Debug|x86.Build.0 = Debug|Any CPU
		{57F21DB3-40D1-4C07-85F5-B01559314710}.Release|Any CPU.ActiveCfg = Release|Any CPU
		{57F21DB3-40D1-4C07-85F5-B01559314710}.Release|Any CPU.Build.0 = Release|Any CPU
		{57F21DB3-40D1-4C07-85F5-B01559314710}.Release|x64.ActiveCfg = Release|Any CPU
		{57F21DB3-40D1-4C07-85F5-B01559314710}.Release|x64.Build.0 = Release|Any CPU
		{57F21DB3-40D1-4C07-85F5-B01559314710}.Release|x86.ActiveCfg = Release|Any CPU
		{57F21DB3-40D1-4C07-85F5-B01559314710}.Release|x86.Build.0 = Release|Any CPU
		{4CED54F0-7027-42EB-A315-879C097A8407}.Debug|Any CPU.ActiveCfg = Debug|Any CPU
		{4CED54F0-7027-42EB-A315-879C097A8407}.Debug|Any CPU.Build.0 = Debug|Any CPU
		{4CED54F0-7027-42EB-A315-879C097A8407}.Debug|x64.ActiveCfg = Debug|Any CPU
		{4CED54F0-7027-42EB-A315-879C097A8407}.Debug|x64.Build.0 = Debug|Any CPU
		{4CED54F0-7027-42EB-A315-879C097A8407}.Debug|x86.ActiveCfg = Debug|Any CPU
		{4CED54F0-7027-42EB-A315-879C097A8407}.Debug|x86.Build.0 = Debug|Any CPU
		{4CED54F0-7027-42EB-A315-879C097A8407}.Release|Any CPU.ActiveCfg = Release|Any CPU
		{4CED54F0-7027-42EB-A315-879C097A8407}.Release|Any CPU.Build.0 = Release|Any CPU
		{4CED54F0-7027-42EB-A315-879C097A8407}.Release|x64.ActiveCfg = Release|Any CPU
		{4CED54F0-7027-42EB-A315-879C097A8407}.Release|x64.Build.0 = Release|Any CPU
		{4CED54F0-7027-42EB-A315-879C097A8407}.Release|x86.ActiveCfg = Release|Any CPU
		{4CED54F0-7027-42EB-A315-879C097A8407}.Release|x86.Build.0 = Release|Any CPU
		{5B01B5D7-962B-4B93-9C25-69956C115DED}.Debug|Any CPU.ActiveCfg = Debug|Any CPU
		{5B01B5D7-962B-4B93-9C25-69956C115DED}.Debug|Any CPU.Build.0 = Debug|Any CPU
		{5B01B5D7-962B-4B93-9C25-69956C115DED}.Debug|x64.ActiveCfg = Debug|Any CPU
		{5B01B5D7-962B-4B93-9C25-69956C115DED}.Debug|x64.Build.0 = Debug|Any CPU
		{5B01B5D7-962B-4B93-9C25-69956C115DED}.Debug|x86.ActiveCfg = Debug|Any CPU
		{5B01B5D7-962B-4B93-9C25-69956C115DED}.Debug|x86.Build.0 = Debug|Any CPU
		{5B01B5D7-962B-4B93-9C25-69956C115DED}.Release|Any CPU.ActiveCfg = Release|Any CPU
		{5B01B5D7-962B-4B93-9C25-69956C115DED}.Release|Any CPU.Build.0 = Release|Any CPU
		{5B01B5D7-962B-4B93-9C25-69956C115DED}.Release|x64.ActiveCfg = Release|Any CPU
		{5B01B5D7-962B-4B93-9C25-69956C115DED}.Release|x64.Build.0 = Release|Any CPU
		{5B01B5D7-962B-4B93-9C25-69956C115DED}.Release|x86.ActiveCfg = Release|Any CPU
		{5B01B5D7-962B-4B93-9C25-69956C115DED}.Release|x86.Build.0 = Release|Any CPU
		{9811D06D-96B3-42BE-B0A7-029ED02FD2BE}.Debug|Any CPU.ActiveCfg = Debug|Any CPU
		{9811D06D-96B3-42BE-B0A7-029ED02FD2BE}.Debug|Any CPU.Build.0 = Debug|Any CPU
		{9811D06D-96B3-42BE-B0A7-029ED02FD2BE}.Debug|x64.ActiveCfg = Debug|Any CPU
		{9811D06D-96B3-42BE-B0A7-029ED02FD2BE}.Debug|x64.Build.0 = Debug|Any CPU
		{9811D06D-96B3-42BE-B0A7-029ED02FD2BE}.Debug|x86.ActiveCfg = Debug|Any CPU
		{9811D06D-96B3-42BE-B0A7-029ED02FD2BE}.Debug|x86.Build.0 = Debug|Any CPU
		{9811D06D-96B3-42BE-B0A7-029ED02FD2BE}.Release|Any CPU.ActiveCfg = Release|Any CPU
		{9811D06D-96B3-42BE-B0A7-029ED02FD2BE}.Release|Any CPU.Build.0 = Release|Any CPU
		{9811D06D-96B3-42BE-B0A7-029ED02FD2BE}.Release|x64.ActiveCfg = Release|Any CPU
		{9811D06D-96B3-42BE-B0A7-029ED02FD2BE}.Release|x64.Build.0 = Release|Any CPU
		{9811D06D-96B3-42BE-B0A7-029ED02FD2BE}.Release|x86.ActiveCfg = Release|Any CPU
		{9811D06D-96B3-42BE-B0A7-029ED02FD2BE}.Release|x86.Build.0 = Release|Any CPU
		{3CEB12AF-DB89-4CDD-B716-648779298ECF}.Debug|Any CPU.ActiveCfg = Debug|Any CPU
		{3CEB12AF-DB89-4CDD-B716-648779298ECF}.Debug|Any CPU.Build.0 = Debug|Any CPU
		{3CEB12AF-DB89-4CDD-B716-648779298ECF}.Debug|x64.ActiveCfg = Debug|Any CPU
		{3CEB12AF-DB89-4CDD-B716-648779298ECF}.Debug|x64.Build.0 = Debug|Any CPU
		{3CEB12AF-DB89-4CDD-B716-648779298ECF}.Debug|x86.ActiveCfg = Debug|Any CPU
		{3CEB12AF-DB89-4CDD-B716-648779298ECF}.Debug|x86.Build.0 = Debug|Any CPU
		{3CEB12AF-DB89-4CDD-B716-648779298ECF}.Release|Any CPU.ActiveCfg = Release|Any CPU
		{3CEB12AF-DB89-4CDD-B716-648779298ECF}.Release|Any CPU.Build.0 = Release|Any CPU
		{3CEB12AF-DB89-4CDD-B716-648779298ECF}.Release|x64.ActiveCfg = Release|Any CPU
		{3CEB12AF-DB89-4CDD-B716-648779298ECF}.Release|x64.Build.0 = Release|Any CPU
		{3CEB12AF-DB89-4CDD-B716-648779298ECF}.Release|x86.ActiveCfg = Release|Any CPU
		{3CEB12AF-DB89-4CDD-B716-648779298ECF}.Release|x86.Build.0 = Release|Any CPU
		{C8452D60-D9BB-4A29-A5C8-344764DDD86F}.Debug|Any CPU.ActiveCfg = Debug|Any CPU
		{C8452D60-D9BB-4A29-A5C8-344764DDD86F}.Debug|Any CPU.Build.0 = Debug|Any CPU
		{C8452D60-D9BB-4A29-A5C8-344764DDD86F}.Debug|x64.ActiveCfg = Debug|Any CPU
		{C8452D60-D9BB-4A29-A5C8-344764DDD86F}.Debug|x64.Build.0 = Debug|Any CPU
		{C8452D60-D9BB-4A29-A5C8-344764DDD86F}.Debug|x86.ActiveCfg = Debug|Any CPU
		{C8452D60-D9BB-4A29-A5C8-344764DDD86F}.Debug|x86.Build.0 = Debug|Any CPU
		{C8452D60-D9BB-4A29-A5C8-344764DDD86F}.Release|Any CPU.ActiveCfg = Release|Any CPU
		{C8452D60-D9BB-4A29-A5C8-344764DDD86F}.Release|Any CPU.Build.0 = Release|Any CPU
		{C8452D60-D9BB-4A29-A5C8-344764DDD86F}.Release|x64.ActiveCfg = Release|Any CPU
		{C8452D60-D9BB-4A29-A5C8-344764DDD86F}.Release|x64.Build.0 = Release|Any CPU
		{C8452D60-D9BB-4A29-A5C8-344764DDD86F}.Release|x86.ActiveCfg = Release|Any CPU
		{C8452D60-D9BB-4A29-A5C8-344764DDD86F}.Release|x86.Build.0 = Release|Any CPU
		{F57333D4-8E5D-4B51-90B5-3940BE3641F1}.Debug|Any CPU.ActiveCfg = Debug|Any CPU
		{F57333D4-8E5D-4B51-90B5-3940BE3641F1}.Debug|Any CPU.Build.0 = Debug|Any CPU
		{F57333D4-8E5D-4B51-90B5-3940BE3641F1}.Debug|x64.ActiveCfg = Debug|Any CPU
		{F57333D4-8E5D-4B51-90B5-3940BE3641F1}.Debug|x64.Build.0 = Debug|Any CPU
		{F57333D4-8E5D-4B51-90B5-3940BE3641F1}.Debug|x86.ActiveCfg = Debug|Any CPU
		{F57333D4-8E5D-4B51-90B5-3940BE3641F1}.Debug|x86.Build.0 = Debug|Any CPU
		{F57333D4-8E5D-4B51-90B5-3940BE3641F1}.Release|Any CPU.ActiveCfg = Release|Any CPU
		{F57333D4-8E5D-4B51-90B5-3940BE3641F1}.Release|Any CPU.Build.0 = Release|Any CPU
		{F57333D4-8E5D-4B51-90B5-3940BE3641F1}.Release|x64.ActiveCfg = Release|Any CPU
		{F57333D4-8E5D-4B51-90B5-3940BE3641F1}.Release|x64.Build.0 = Release|Any CPU
		{F57333D4-8E5D-4B51-90B5-3940BE3641F1}.Release|x86.ActiveCfg = Release|Any CPU
		{F57333D4-8E5D-4B51-90B5-3940BE3641F1}.Release|x86.Build.0 = Release|Any CPU
		{1C8AFD0A-5716-45AD-A36B-1C85002F313F}.Debug|Any CPU.ActiveCfg = Debug|Any CPU
		{1C8AFD0A-5716-45AD-A36B-1C85002F313F}.Debug|Any CPU.Build.0 = Debug|Any CPU
		{1C8AFD0A-5716-45AD-A36B-1C85002F313F}.Debug|x64.ActiveCfg = Debug|Any CPU
		{1C8AFD0A-5716-45AD-A36B-1C85002F313F}.Debug|x64.Build.0 = Debug|Any CPU
		{1C8AFD0A-5716-45AD-A36B-1C85002F313F}.Debug|x86.ActiveCfg = Debug|Any CPU
		{1C8AFD0A-5716-45AD-A36B-1C85002F313F}.Debug|x86.Build.0 = Debug|Any CPU
		{1C8AFD0A-5716-45AD-A36B-1C85002F313F}.Release|Any CPU.ActiveCfg = Release|Any CPU
		{1C8AFD0A-5716-45AD-A36B-1C85002F313F}.Release|Any CPU.Build.0 = Release|Any CPU
		{1C8AFD0A-5716-45AD-A36B-1C85002F313F}.Release|x64.ActiveCfg = Release|Any CPU
		{1C8AFD0A-5716-45AD-A36B-1C85002F313F}.Release|x64.Build.0 = Release|Any CPU
		{1C8AFD0A-5716-45AD-A36B-1C85002F313F}.Release|x86.ActiveCfg = Release|Any CPU
		{1C8AFD0A-5716-45AD-A36B-1C85002F313F}.Release|x86.Build.0 = Release|Any CPU
		{27CC3B2C-10C0-47F4-A986-0ECC3DC49E37}.Debug|Any CPU.ActiveCfg = Debug|Any CPU
		{27CC3B2C-10C0-47F4-A986-0ECC3DC49E37}.Debug|Any CPU.Build.0 = Debug|Any CPU
		{27CC3B2C-10C0-47F4-A986-0ECC3DC49E37}.Debug|x64.ActiveCfg = Debug|Any CPU
		{27CC3B2C-10C0-47F4-A986-0ECC3DC49E37}.Debug|x64.Build.0 = Debug|Any CPU
		{27CC3B2C-10C0-47F4-A986-0ECC3DC49E37}.Debug|x86.ActiveCfg = Debug|Any CPU
		{27CC3B2C-10C0-47F4-A986-0ECC3DC49E37}.Debug|x86.Build.0 = Debug|Any CPU
		{27CC3B2C-10C0-47F4-A986-0ECC3DC49E37}.Release|Any CPU.ActiveCfg = Release|Any CPU
		{27CC3B2C-10C0-47F4-A986-0ECC3DC49E37}.Release|Any CPU.Build.0 = Release|Any CPU
		{27CC3B2C-10C0-47F4-A986-0ECC3DC49E37}.Release|x64.ActiveCfg = Release|Any CPU
		{27CC3B2C-10C0-47F4-A986-0ECC3DC49E37}.Release|x64.Build.0 = Release|Any CPU
		{27CC3B2C-10C0-47F4-A986-0ECC3DC49E37}.Release|x86.ActiveCfg = Release|Any CPU
		{27CC3B2C-10C0-47F4-A986-0ECC3DC49E37}.Release|x86.Build.0 = Release|Any CPU
		{2252CA5A-E92A-416F-92BE-45B2C0305E45}.Debug|Any CPU.ActiveCfg = Debug|Any CPU
		{2252CA5A-E92A-416F-92BE-45B2C0305E45}.Debug|Any CPU.Build.0 = Debug|Any CPU
		{2252CA5A-E92A-416F-92BE-45B2C0305E45}.Debug|x64.ActiveCfg = Debug|Any CPU
		{2252CA5A-E92A-416F-92BE-45B2C0305E45}.Debug|x64.Build.0 = Debug|Any CPU
		{2252CA5A-E92A-416F-92BE-45B2C0305E45}.Debug|x86.ActiveCfg = Debug|Any CPU
		{2252CA5A-E92A-416F-92BE-45B2C0305E45}.Debug|x86.Build.0 = Debug|Any CPU
		{2252CA5A-E92A-416F-92BE-45B2C0305E45}.Release|Any CPU.ActiveCfg = Release|Any CPU
		{2252CA5A-E92A-416F-92BE-45B2C0305E45}.Release|Any CPU.Build.0 = Release|Any CPU
		{2252CA5A-E92A-416F-92BE-45B2C0305E45}.Release|x64.ActiveCfg = Release|Any CPU
		{2252CA5A-E92A-416F-92BE-45B2C0305E45}.Release|x64.Build.0 = Release|Any CPU
		{2252CA5A-E92A-416F-92BE-45B2C0305E45}.Release|x86.ActiveCfg = Release|Any CPU
		{2252CA5A-E92A-416F-92BE-45B2C0305E45}.Release|x86.Build.0 = Release|Any CPU
		{967E4C1F-04BF-47E0-B24C-EB9968705DDD}.Debug|Any CPU.ActiveCfg = Debug|Any CPU
		{967E4C1F-04BF-47E0-B24C-EB9968705DDD}.Debug|Any CPU.Build.0 = Debug|Any CPU
		{967E4C1F-04BF-47E0-B24C-EB9968705DDD}.Debug|x64.ActiveCfg = Debug|Any CPU
		{967E4C1F-04BF-47E0-B24C-EB9968705DDD}.Debug|x64.Build.0 = Debug|Any CPU
		{967E4C1F-04BF-47E0-B24C-EB9968705DDD}.Debug|x86.ActiveCfg = Debug|Any CPU
		{967E4C1F-04BF-47E0-B24C-EB9968705DDD}.Debug|x86.Build.0 = Debug|Any CPU
		{967E4C1F-04BF-47E0-B24C-EB9968705DDD}.Release|Any CPU.ActiveCfg = Release|Any CPU
		{967E4C1F-04BF-47E0-B24C-EB9968705DDD}.Release|Any CPU.Build.0 = Release|Any CPU
		{967E4C1F-04BF-47E0-B24C-EB9968705DDD}.Release|x64.ActiveCfg = Release|Any CPU
		{967E4C1F-04BF-47E0-B24C-EB9968705DDD}.Release|x64.Build.0 = Release|Any CPU
		{967E4C1F-04BF-47E0-B24C-EB9968705DDD}.Release|x86.ActiveCfg = Release|Any CPU
		{967E4C1F-04BF-47E0-B24C-EB9968705DDD}.Release|x86.Build.0 = Release|Any CPU
		{DBAAB28C-1D56-45BE-861F-5A27554B89B2}.Debug|Any CPU.ActiveCfg = Debug|Any CPU
		{DBAAB28C-1D56-45BE-861F-5A27554B89B2}.Debug|Any CPU.Build.0 = Debug|Any CPU
		{DBAAB28C-1D56-45BE-861F-5A27554B89B2}.Debug|x64.ActiveCfg = Debug|Any CPU
		{DBAAB28C-1D56-45BE-861F-5A27554B89B2}.Debug|x64.Build.0 = Debug|Any CPU
		{DBAAB28C-1D56-45BE-861F-5A27554B89B2}.Debug|x86.ActiveCfg = Debug|Any CPU
		{DBAAB28C-1D56-45BE-861F-5A27554B89B2}.Debug|x86.Build.0 = Debug|Any CPU
		{DBAAB28C-1D56-45BE-861F-5A27554B89B2}.Release|Any CPU.ActiveCfg = Release|Any CPU
		{DBAAB28C-1D56-45BE-861F-5A27554B89B2}.Release|Any CPU.Build.0 = Release|Any CPU
		{DBAAB28C-1D56-45BE-861F-5A27554B89B2}.Release|x64.ActiveCfg = Release|Any CPU
		{DBAAB28C-1D56-45BE-861F-5A27554B89B2}.Release|x64.Build.0 = Release|Any CPU
		{DBAAB28C-1D56-45BE-861F-5A27554B89B2}.Release|x86.ActiveCfg = Release|Any CPU
		{DBAAB28C-1D56-45BE-861F-5A27554B89B2}.Release|x86.Build.0 = Release|Any CPU
	EndGlobalSection
	GlobalSection(SolutionProperties) = preSolution
		HideSolutionNode = FALSE
	EndGlobalSection
	GlobalSection(NestedProjects) = preSolution
		{29953EA6-46CC-4C33-BCCE-5C84A22F0710} = {E9C9FC3D-8222-1509-ACC8-433918E487AE}
		{7ED6D0AA-DB48-4FEC-9ECB-2DEC47F2A80E} = {498D5043-F819-3CF5-3901-3475C12FC73B}
		{9AA068F4-19C0-46D0-8E8F-DFDBFD52574B} = {173AFC20-DA3B-E8E6-FD2F-CC6D23C22CB7}
		{7CFE958B-0124-4674-98C5-54D6BF739623} = {C13D9D4B-73B8-3D9A-41DF-42B070B69971}
		{D3736636-0C20-4F6A-BC9E-F72214E3802D} = {1294E425-4200-B28B-B089-2C014D24AF0A}
		{76E82386-53CE-452D-8DB9-11DFD762D6D4} = {F950DB2C-3B87-4536-55E6-8585CBA5CF21}
		{F9E9E9AC-21B5-47E8-AC38-C5569D1E9C1C} = {9D4504F6-C258-95D7-6D4D-E8C508D09056}
		{2A4B43A1-5310-4320-9DCC-AB1975B2EDAF} = {07D57EEB-2F50-60C4-C011-FE4FA775C9A8}
		{842FDEBA-AF93-62D7-746E-397BC8A33F3F} = {9D4504F6-C258-95D7-6D4D-E8C508D09056}
		{16C2AC9A-9B0A-4ED6-B6C4-58F9E47B17C2} = {842FDEBA-AF93-62D7-746E-397BC8A33F3F}
		{FC6C3ED2-C557-CDE5-CE23-B036CD3B0DB1} = {47016E42-A4B3-1F9A-4217-340DC71DAA7C}
		{BFB9E2D4-E9DD-41B5-9FD7-F0A723EDAD9D} = {FC6C3ED2-C557-CDE5-CE23-B036CD3B0DB1}
		{D0E7FC7B-05EC-787D-19DF-C78C8704AC3E} = {256F4E96-6A73-9ABE-786F-840C672A50F4}
		{73798D74-4EE4-4FB6-9AB2-0C17F60F912D} = {D0E7FC7B-05EC-787D-19DF-C78C8704AC3E}
		{F4AB2A56-E318-4B89-8A07-912C992A1C25} = {1680AD4C-2D54-D68A-F37B-E230A2F1C42A}
		{E5DE39C7-4EEB-4EEE-A2EF-B3EC974EE256} = {C03C8CAA-D0B1-310A-0C7E-67BC14B87CB1}
		{5701C9C6-5344-4E63-9EFF-9C86D330A2CC} = {545DD51D-A0F2-C44A-F41F-4CB9B0529A48}
		{976A95DA-4A98-40C2-92EA-433CA70E6B36} = {A873EA83-B819-DF10-484B-E819E484792B}
		{2E67CDF3-28CF-46AC-8B15-EE1806CD88CD} = {31D0B0DA-3F70-8AAB-D4B2-B98572D1139C}
		{8472B613-A5EF-3FB3-AB19-E67EE5FAE9E2} = {31D0B0DA-3F70-8AAB-D4B2-B98572D1139C}
		{1A3D7EC7-1E41-4A61-8507-77A33A77BB85} = {8472B613-A5EF-3FB3-AB19-E67EE5FAE9E2}
		{37E2FAAA-F518-4145-98BE-4A1AD08ED4D9} = {3DB70E2C-171E-8BB0-1172-E43F0B1C3468}
		{F89EB1CB-36ED-5AED-A98B-563380E2A370} = {256F4E96-6A73-9ABE-786F-840C672A50F4}
		{083E6C69-3A2D-40D9-B7D6-CB01C7E4E15E} = {F89EB1CB-36ED-5AED-A98B-563380E2A370}
		{B27FC793-4D32-241B-2B19-7DEEE3259158} = {256F4E96-6A73-9ABE-786F-840C672A50F4}
		{674ED087-9C63-4EDF-8CC0-7A669B0ADA45} = {B27FC793-4D32-241B-2B19-7DEEE3259158}
		{708CB931-2E4C-5167-58E6-EBF90DA16239} = {256F4E96-6A73-9ABE-786F-840C672A50F4}
		{B5E5D8E3-32B0-4D8D-B2B9-AEE098D49F5A} = {708CB931-2E4C-5167-58E6-EBF90DA16239}
		{8D49906F-D90A-9F58-F630-F45A33AE0D62} = {47016E42-A4B3-1F9A-4217-340DC71DAA7C}
		{2E32B6B4-E122-4E25-B29E-B95D84970C91} = {8D49906F-D90A-9F58-F630-F45A33AE0D62}
		{9386CAA8-427D-E6FC-00D0-A011864EFA23} = {31D0B0DA-3F70-8AAB-D4B2-B98572D1139C}
		{22623D7C-D278-441F-9ED3-4FDB8FE294C6} = {9386CAA8-427D-E6FC-00D0-A011864EFA23}
		{4B2639EA-027C-4066-6919-4C5579683919} = {47016E42-A4B3-1F9A-4217-340DC71DAA7C}
		{DB21207D-0441-470D-800F-86D6F64F5D34} = {4B2639EA-027C-4066-6919-4C5579683919}
		{FC68AB0B-A1DE-3908-1E39-04B39D43DB32} = {47016E42-A4B3-1F9A-4217-340DC71DAA7C}
		{9CB1230F-6BDD-4278-B6D2-8C287CEC2F03} = {FC68AB0B-A1DE-3908-1E39-04B39D43DB32}
		{AA2BD8FE-CC3D-424C-AB0C-EAF8064D53D8} = {D85486C3-F6CE-A507-8249-37B14F266E6F}
		{D69B1CB4-2C96-AB37-5C85-001FD18BB1A0} = {47016E42-A4B3-1F9A-4217-340DC71DAA7C}
		{4AE0499A-008A-4F87-86AD-892DC7976612} = {D69B1CB4-2C96-AB37-5C85-001FD18BB1A0}
		{3CF96506-CA84-32F3-5366-9CD132EC3032} = {47016E42-A4B3-1F9A-4217-340DC71DAA7C}
		{57F21DB3-40D1-4C07-85F5-B01559314710} = {3CF96506-CA84-32F3-5366-9CD132EC3032}
		{4CED54F0-7027-42EB-A315-879C097A8407} = {5C43DDF3-1E55-8209-DA02-76A0C8649330}
		{5331077C-3B7C-D7D9-071C-330F25A64356} = {47016E42-A4B3-1F9A-4217-340DC71DAA7C}
		{5B01B5D7-962B-4B93-9C25-69956C115DED} = {5331077C-3B7C-D7D9-071C-330F25A64356}
		{9372FB8E-8512-1E37-3610-EC173A02880D} = {47016E42-A4B3-1F9A-4217-340DC71DAA7C}
		{9811D06D-96B3-42BE-B0A7-029ED02FD2BE} = {9372FB8E-8512-1E37-3610-EC173A02880D}
		{3CEB12AF-DB89-4CDD-B716-648779298ECF} = {74387116-8689-693D-1B8F-9D7E03CE134D}
		{80B92014-1416-544A-7D3E-2DE4A769257D} = {47016E42-A4B3-1F9A-4217-340DC71DAA7C}
		{C8452D60-D9BB-4A29-A5C8-344764DDD86F} = {80B92014-1416-544A-7D3E-2DE4A769257D}
		{F57333D4-8E5D-4B51-90B5-3940BE3641F1} = {2DEBEB3B-6872-C48C-9A96-756186A282B4}
		{1A65659F-DCED-11AB-2405-2C494962CB18} = {9D4504F6-C258-95D7-6D4D-E8C508D09056}
		{1C8AFD0A-5716-45AD-A36B-1C85002F313F} = {1A65659F-DCED-11AB-2405-2C494962CB18}
		{7CB7C34C-D64B-DFD1-6AE2-E48305E06C52} = {31D0B0DA-3F70-8AAB-D4B2-B98572D1139C}
		{27CC3B2C-10C0-47F4-A986-0ECC3DC49E37} = {7CB7C34C-D64B-DFD1-6AE2-E48305E06C52}
		{AD2879C7-51CB-A848-FD9D-C2B2A38ED098} = {31D0B0DA-3F70-8AAB-D4B2-B98572D1139C}
		{2252CA5A-E92A-416F-92BE-45B2C0305E45} = {AD2879C7-51CB-A848-FD9D-C2B2A38ED098}
		{967E4C1F-04BF-47E0-B24C-EB9968705DDD} = {DDDABAC3-A2E4-B483-6FB2-72935EC23C7A}
		{DBAAB28C-1D56-45BE-861F-5A27554B89B2} = {0A5260FC-CE9B-CFCA-D867-DB283C3C020E}
	EndGlobalSection
EndGlobal
